Microsoft Visual Studio Solution File, Format Version 11.00
# Visual Studio 2008

Project("{04C7CC47-C85C-E388-9FB1-E9AD9EC29934}") = "YGO2D", "Assembly-CSharp.csproj", "{4F0466D3-B694-76BD-2003-684C9A55CFD5}"
EndProject
Global
	GlobalSection(SolutionConfigurationPlatforms) = preSolution
		Debug|Any CPU = Debug|Any CPU
		Release|Any CPU = Release|Any CPU
	EndGlobalSection
	GlobalSection(ProjectConfigurationPlatforms) = postSolution
		{4F0466D3-B694-76BD-2003-684C9A55CFD5}.Debug|Any CPU.ActiveCfg = Debug|Any CPU
		{4F0466D3-B694-76BD-2003-684C9A55CFD5}.Debug|Any CPU.Build.0 = Debug|Any CPU
		{4F0466D3-B694-76BD-2003-684C9A55CFD5}.Release|Any CPU.ActiveCfg = Release|Any CPU
		{4F0466D3-B694-76BD-2003-684C9A55CFD5}.Release|Any CPU.Build.0 = Release|Any CPU
	EndGlobalSection
	GlobalSection(SolutionProperties) = preSolution
		HideSolutionNode = FALSE
	EndGlobalSection
	GlobalSection(MonoDevelopProperties) = preSolution
		StartupItem = Assembly-CSharp.csproj
	EndGlobalSection
EndGlobal
